
Microsoft Visual Studio Solution File, Format Version 12.00
# Visual Studio Version 17
VisualStudioVersion = 17.11.35327.3
MinimumVisualStudioVersion = 10.0.40219.1
Project("{FAE04EC0-301F-11D3-BF4B-00C04F79EFBC}") = "task 2", "task 2\task 2.csproj", "{F52F2965-B2AB-4F8D-ADF1-7F2E08612A6A}"
EndProject
Project("{2150E333-8FDC-42A3-9474-1A3956D46DE8}") = "Solution Items", "Solution Items", "{572D2F76-9672-4C39-BF25-030CFD2790CE}"
EndProject
Global
	GlobalSection(SolutionConfigurationPlatforms) = preSolution
		Debug|Any CPU = Debug|Any CPU
		Release|Any CPU = Release|Any CPU
	EndGlobalSection
	GlobalSection(ProjectConfigurationPlatforms) = postSolution
		{F52F2965-B2AB-4F8D-ADF1-7F2E08612A6A}.Debug|Any CPU.ActiveCfg = Debug|Any CPU
		{F52F2965-B2AB-4F8D-ADF1-7F2E08612A6A}.Debug|Any CPU.Build.0 = Debug|Any CPU
		{F52F2965-B2AB-4F8D-ADF1-7F2E08612A6A}.Release|Any CPU.ActiveCfg = Release|Any CPU
		{F52F2965-B2AB-4F8D-ADF1-7F2E08612A6A}.Release|Any CPU.Build.0 = Release|Any CPU
	EndGlobalSection
	GlobalSection(SolutionProperties) = preSolution
		HideSolutionNode = FALSE
	EndGlobalSection
	GlobalSection(ExtensibilityGlobals) = postSolution
		SolutionGuid = {AE22FEC8-0230-4565-9466-49092D34ACAB}
	EndGlobalSection
EndGlobal
